
Microsoft Visual Studio Solution File, Format Version 12.00
# Visual Studio Version 17
VisualStudioVersion = 17.2.32630.192
MinimumVisualStudioVersion = 10.0.40219.1
Project("{9A19103F-16F7-4668-BE54-9A1E7A4F7556}") = "PousadaAsp.Api", "PousadaAsp.Api\PousadaAsp.Api.csproj", "{F093E6FF-84B5-48EC-B55D-091031CCF898}"
EndProject
Project("{9A19103F-16F7-4668-BE54-9A1E7A4F7556}") = "PousadaAsp.Data", "PousadaAsp.Data\PousadaAsp.Data.csproj", "{193FF7D3-42DF-46C2-89D7-24AE973E6967}"
EndProject
Project("{9A19103F-16F7-4668-BE54-9A1E7A4F7556}") = "PousadaAsp.Domain", "PousadaAsp.Domain\PousadaAsp.Domain.csproj", "{B2EC79BA-F280-4C78-AF2C-64F903EAF778}"
EndProject
Project("{9A19103F-16F7-4668-BE54-9A1E7A4F7556}") = "PousadaAsp.Services", "PousadaAsp.Services\PousadaAsp.Services.csproj", "{590DF555-6579-4761-8516-CA391AF24C16}"
EndProject
Global
	GlobalSection(SolutionConfigurationPlatforms) = preSolution
		Debug|Any CPU = Debug|Any CPU
		Release|Any CPU = Release|Any CPU
	EndGlobalSection
	GlobalSection(ProjectConfigurationPlatforms) = postSolution
		{F093E6FF-84B5-48EC-B55D-091031CCF898}.Debug|Any CPU.ActiveCfg = Debug|Any CPU
		{F093E6FF-84B5-48EC-B55D-091031CCF898}.Debug|Any CPU.Build.0 = Debug|Any CPU
		{F093E6FF-84B5-48EC-B55D-091031CCF898}.Release|Any CPU.ActiveCfg = Release|Any CPU
		{F093E6FF-84B5-48EC-B55D-091031CCF898}.Release|Any CPU.Build.0 = Release|Any CPU
		{193FF7D3-42DF-46C2-89D7-24AE973E6967}.Debug|Any CPU.ActiveCfg = Debug|Any CPU
		{193FF7D3-42DF-46C2-89D7-24AE973E6967}.Debug|Any CPU.Build.0 = Debug|Any CPU
		{193FF7D3-42DF-46C2-89D7-24AE973E6967}.Release|Any CPU.ActiveCfg = Release|Any CPU
		{193FF7D3-42DF-46C2-89D7-24AE973E6967}.Release|Any CPU.Build.0 = Release|Any CPU
		{B2EC79BA-F280-4C78-AF2C-64F903EAF778}.Debug|Any CPU.ActiveCfg = Debug|Any CPU
		{B2EC79BA-F280-4C78-AF2C-64F903EAF778}.Debug|Any CPU.Build.0 = Debug|Any CPU
		{B2EC79BA-F280-4C78-AF2C-64F903EAF778}.Release|Any CPU.ActiveCfg = Release|Any CPU
		{B2EC79BA-F280-4C78-AF2C-64F903EAF778}.Release|Any CPU.Build.0 = Release|Any CPU
		{590DF555-6579-4761-8516-CA391AF24C16}.Debug|Any CPU.ActiveCfg = Debug|Any CPU
		{590DF555-6579-4761-8516-CA391AF24C16}.Debug|Any CPU.Build.0 = Debug|Any CPU
		{590DF555-6579-4761-8516-CA391AF24C16}.Release|Any CPU.ActiveCfg = Release|Any CPU
		{590DF555-6579-4761-8516-CA391AF24C16}.Release|Any CPU.Build.0 = Release|Any CPU
	EndGlobalSection
	GlobalSection(SolutionProperties) = preSolution
		HideSolutionNode = FALSE
	EndGlobalSection
	GlobalSection(ExtensibilityGlobals) = postSolution
		SolutionGuid = {1EA139BF-8B06-4D31-86E9-2B61C91AF407}
	EndGlobalSection
EndGlobal
